Microsoft Visual Studio Solution File, Format Version 11.00
# Visual Studio 2008

Project("{5926BD76-3429-D359-9F41-948FB6A1A65F}") = "ChemistryVR 2", "Assembly-CSharp.csproj", "{EB825137-9492-B976-BE62-740BADDBFF0C}"
EndProject
Project("{5926BD76-3429-D359-9F41-948FB6A1A65F}") = "ChemistryVR 2", "Assembly-CSharp-Editor.csproj", "{62858731-6C82-E7D0-0C68-BED676EB149E}"
EndProject
Global
	GlobalSection(SolutionConfigurationPlatforms) = preSolution
		Debug|Any CPU = Debug|Any CPU
		Release|Any CPU = Release|Any CPU
	EndGlobalSection
	GlobalSection(ProjectConfigurationPlatforms) = postSolution
		{EB825137-9492-B976-BE62-740BADDBFF0C}.Debug|Any CPU.ActiveCfg = Debug|Any CPU
		{EB825137-9492-B976-BE62-740BADDBFF0C}.Debug|Any CPU.Build.0 = Debug|Any CPU
		{EB825137-9492-B976-BE62-740BADDBFF0C}.Release|Any CPU.ActiveCfg = Release|Any CPU
		{EB825137-9492-B976-BE62-740BADDBFF0C}.Release|Any CPU.Build.0 = Release|Any CPU
		{62858731-6C82-E7D0-0C68-BED676EB149E}.Debug|Any CPU.ActiveCfg = Debug|Any CPU
		{62858731-6C82-E7D0-0C68-BED676EB149E}.Debug|Any CPU.Build.0 = Debug|Any CPU
		{62858731-6C82-E7D0-0C68-BED676EB149E}.Release|Any CPU.ActiveCfg = Release|Any CPU
		{62858731-6C82-E7D0-0C68-BED676EB149E}.Release|Any CPU.Build.0 = Release|Any CPU
	EndGlobalSection
	GlobalSection(SolutionProperties) = preSolution
		HideSolutionNode = FALSE
	EndGlobalSection
	GlobalSection(MonoDevelopProperties) = preSolution
		StartupItem = Assembly-CSharp.csproj
	EndGlobalSection
EndGlobal
